
Microsoft Visual Studio Solution File, Format Version 12.00
# Visual Studio 15
VisualStudioVersion = 15.0.28307.1231
MinimumVisualStudioVersion = 10.0.40219.1
Project("{8BC9CEB8-8B4A-11D0-8D11-00A0C91BC942}") = "cadtest1", "cadtest1\cadtest1.vcxproj", "{5005FEE8-9EE6-4B3D-95A4-078D75DFFFCF}"
EndProject
Project("{FAE04EC0-301F-11D3-BF4B-00C04F79EFBC}") = "NetCADTest", "NetCADTest\NetCADTest.csproj", "{150B0CAF-7344-4819-AAD3-0FB6061C39AC}"
EndProject
Project("{F184B08F-C81C-45F6-A57F-5ABD9991F28F}") = "VBCADTest", "VBCADTest\VBCADTest\VBCADTest.vbproj", "{BF136F13-9842-45D2-91A8-BB0593D22EE1}"
EndProject
Global
	GlobalSection(SolutionConfigurationPlatforms) = preSolution
		AR2013|Any CPU = AR2013|Any CPU
		AR2013|x64 = AR2013|x64
		AR2013|x86 = AR2013|x86
		AR2019|Any CPU = AR2019|Any CPU
		AR2019|x64 = AR2019|x64
		AR2019|x86 = AR2019|x86
		AR2020|Any CPU = AR2020|Any CPU
		AR2020|x64 = AR2020|x64
		AR2020|x86 = AR2020|x86
		Debug|Any CPU = Debug|Any CPU
		Debug|x64 = Debug|x64
		Debug|x86 = Debug|x86
		Release|Any CPU = Release|Any CPU
		Release|x64 = Release|x64
		Release|x86 = Release|x86
		ZR2020|Any CPU = ZR2020|Any CPU
		ZR2020|x64 = ZR2020|x64
		ZR2020|x86 = ZR2020|x86
		ZR2021|Any CPU = ZR2021|Any CPU
		ZR2021|x64 = ZR2021|x64
		ZR2021|x86 = ZR2021|x86
	EndGlobalSection
	GlobalSection(ProjectConfigurationPlatforms) = postSolution
		{5005FEE8-9EE6-4B3D-95A4-078D75DFFFCF}.AR2013|Any CPU.ActiveCfg = AR2013|Win32
		{5005FEE8-9EE6-4B3D-95A4-078D75DFFFCF}.AR2013|x64.ActiveCfg = AR2013|x64
		{5005FEE8-9EE6-4B3D-95A4-078D75DFFFCF}.AR2013|x64.Build.0 = AR2013|x64
		{5005FEE8-9EE6-4B3D-95A4-078D75DFFFCF}.AR2013|x86.ActiveCfg = AR2013|Win32
		{5005FEE8-9EE6-4B3D-95A4-078D75DFFFCF}.AR2013|x86.Build.0 = AR2013|Win32
		{5005FEE8-9EE6-4B3D-95A4-078D75DFFFCF}.AR2019|Any CPU.ActiveCfg = AR2019|Win32
		{5005FEE8-9EE6-4B3D-95A4-078D75DFFFCF}.AR2019|x64.ActiveCfg = AR2019|x64
		{5005FEE8-9EE6-4B3D-95A4-078D75DFFFCF}.AR2019|x64.Build.0 = AR2019|x64
		{5005FEE8-9EE6-4B3D-95A4-078D75DFFFCF}.AR2019|x86.ActiveCfg = AR2019|Win32
		{5005FEE8-9EE6-4B3D-95A4-078D75DFFFCF}.AR2019|x86.Build.0 = AR2019|Win32
		{5005FEE8-9EE6-4B3D-95A4-078D75DFFFCF}.AR2020|Any CPU.ActiveCfg = AR2020|Win32
		{5005FEE8-9EE6-4B3D-95A4-078D75DFFFCF}.AR2020|x64.ActiveCfg = AR2020|x64
		{5005FEE8-9EE6-4B3D-95A4-078D75DFFFCF}.AR2020|x64.Build.0 = AR2020|x64
		{5005FEE8-9EE6-4B3D-95A4-078D75DFFFCF}.AR2020|x86.ActiveCfg = AR2020|Win32
		{5005FEE8-9EE6-4B3D-95A4-078D75DFFFCF}.AR2020|x86.Build.0 = AR2020|Win32
		{5005FEE8-9EE6-4B3D-95A4-078D75DFFFCF}.Debug|Any CPU.ActiveCfg = Debug|Win32
		{5005FEE8-9EE6-4B3D-95A4-078D75DFFFCF}.Debug|x64.ActiveCfg = Debug|x64
		{5005FEE8-9EE6-4B3D-95A4-078D75DFFFCF}.Debug|x64.Build.0 = Debug|x64
		{5005FEE8-9EE6-4B3D-95A4-078D75DFFFCF}.Debug|x86.ActiveCfg = Debug|Win32
		{5005FEE8-9EE6-4B3D-95A4-078D75DFFFCF}.Debug|x86.Build.0 = Debug|Win32
		{5005FEE8-9EE6-4B3D-95A4-078D75DFFFCF}.Release|Any CPU.ActiveCfg = Release|Win32
		{5005FEE8-9EE6-4B3D-95A4-078D75DFFFCF}.Release|x64.ActiveCfg = Release|x64
		{5005FEE8-9EE6-4B3D-95A4-078D75DFFFCF}.Release|x64.Build.0 = Release|x64
		{5005FEE8-9EE6-4B3D-95A4-078D75DFFFCF}.Release|x86.ActiveCfg = Release|Win32
		{5005FEE8-9EE6-4B3D-95A4-078D75DFFFCF}.Release|x86.Build.0 = Release|Win32
		{5005FEE8-9EE6-4B3D-95A4-078D75DFFFCF}.ZR2020|Any CPU.ActiveCfg = ZR2020|Win32
		{5005FEE8-9EE6-4B3D-95A4-078D75DFFFCF}.ZR2020|x64.ActiveCfg = ZR2020|x64
		{5005FEE8-9EE6-4B3D-95A4-078D75DFFFCF}.ZR2020|x64.Build.0 = ZR2020|x64
		{5005FEE8-9EE6-4B3D-95A4-078D75DFFFCF}.ZR2020|x86.ActiveCfg = ZR2020|Win32
		{5005FEE8-9EE6-4B3D-95A4-078D75DFFFCF}.ZR2020|x86.Build.0 = ZR2020|Win32
		{5005FEE8-9EE6-4B3D-95A4-078D75DFFFCF}.ZR2021|Any CPU.ActiveCfg = ZR2021|Win32
		{5005FEE8-9EE6-4B3D-95A4-078D75DFFFCF}.ZR2021|x64.ActiveCfg = ZR2021|x64
		{5005FEE8-9EE6-4B3D-95A4-078D75DFFFCF}.ZR2021|x64.Build.0 = ZR2021|x64
		{5005FEE8-9EE6-4B3D-95A4-078D75DFFFCF}.ZR2021|x86.ActiveCfg = ZR2021|Win32
		{5005FEE8-9EE6-4B3D-95A4-078D75DFFFCF}.ZR2021|x86.Build.0 = ZR2021|Win32
		{150B0CAF-7344-4819-AAD3-0FB6061C39AC}.AR2013|Any CPU.ActiveCfg = ZR2020|x64
		{150B0CAF-7344-4819-AAD3-0FB6061C39AC}.AR2013|Any CPU.Build.0 = ZR2020|x64
		{150B0CAF-7344-4819-AAD3-0FB6061C39AC}.AR2013|x64.ActiveCfg = AR2020|x64
		{150B0CAF-7344-4819-AAD3-0FB6061C39AC}.AR2013|x64.Build.0 = AR2020|x64
		{150B0CAF-7344-4819-AAD3-0FB6061C39AC}.AR2013|x86.ActiveCfg = ZR2021|x64
		{150B0CAF-7344-4819-AAD3-0FB6061C39AC}.AR2013|x86.Build.0 = ZR2021|x64
		{150B0CAF-7344-4819-AAD3-0FB6061C39AC}.AR2019|Any CPU.ActiveCfg = ZR2020|x64
		{150B0CAF-7344-4819-AAD3-0FB6061C39AC}.AR2019|Any CPU.Build.0 = ZR2020|x64
		{150B0CAF-7344-4819-AAD3-0FB6061C39AC}.AR2019|x64.ActiveCfg = AR2020|x64
		{150B0CAF-7344-4819-AAD3-0FB6061C39AC}.AR2019|x64.Build.0 = AR2020|x64
		{150B0CAF-7344-4819-AAD3-0FB6061C39AC}.AR2019|x86.ActiveCfg = ZR2021|x64
		{150B0CAF-7344-4819-AAD3-0FB6061C39AC}.AR2019|x86.Build.0 = ZR2021|x64
		{150B0CAF-7344-4819-AAD3-0FB6061C39AC}.AR2020|Any CPU.ActiveCfg = AR2020|x64
		{150B0CAF-7344-4819-AAD3-0FB6061C39AC}.AR2020|x64.ActiveCfg = AR2020|x64
		{150B0CAF-7344-4819-AAD3-0FB6061C39AC}.AR2020|x64.Build.0 = AR2020|x64
		{150B0CAF-7344-4819-AAD3-0FB6061C39AC}.AR2020|x86.ActiveCfg = AR2020|x64
		{150B0CAF-7344-4819-AAD3-0FB6061C39AC}.Debug|Any CPU.ActiveCfg = ZR2020|x64
		{150B0CAF-7344-4819-AAD3-0FB6061C39AC}.Debug|Any CPU.Build.0 = ZR2020|x64
		{150B0CAF-7344-4819-AAD3-0FB6061C39AC}.Debug|x64.ActiveCfg = ZR2021|x64
		{150B0CAF-7344-4819-AAD3-0FB6061C39AC}.Debug|x64.Build.0 = ZR2021|x64
		{150B0CAF-7344-4819-AAD3-0FB6061C39AC}.Debug|x86.ActiveCfg = ZR2021|x64
		{150B0CAF-7344-4819-AAD3-0FB6061C39AC}.Debug|x86.Build.0 = ZR2021|x64
		{150B0CAF-7344-4819-AAD3-0FB6061C39AC}.Release|Any CPU.ActiveCfg = ZR2020|x64
		{150B0CAF-7344-4819-AAD3-0FB6061C39AC}.Release|Any CPU.Build.0 = ZR2020|x64
		{150B0CAF-7344-4819-AAD3-0FB6061C39AC}.Release|x64.ActiveCfg = ZR2021|x64
		{150B0CAF-7344-4819-AAD3-0FB6061C39AC}.Release|x64.Build.0 = ZR2021|x64
		{150B0CAF-7344-4819-AAD3-0FB6061C39AC}.Release|x86.ActiveCfg = ZR2021|x64
		{150B0CAF-7344-4819-AAD3-0FB6061C39AC}.Release|x86.Build.0 = ZR2021|x64
		{150B0CAF-7344-4819-AAD3-0FB6061C39AC}.ZR2020|Any CPU.ActiveCfg = ZR2020|x64
		{150B0CAF-7344-4819-AAD3-0FB6061C39AC}.ZR2020|x64.ActiveCfg = ZR2020|x64
		{150B0CAF-7344-4819-AAD3-0FB6061C39AC}.ZR2020|x64.Build.0 = ZR2020|x64
		{150B0CAF-7344-4819-AAD3-0FB6061C39AC}.ZR2020|x86.ActiveCfg = ZR2020|x64
		{150B0CAF-7344-4819-AAD3-0FB6061C39AC}.ZR2021|Any CPU.ActiveCfg = ZR2021|x64
		{150B0CAF-7344-4819-AAD3-0FB6061C39AC}.ZR2021|x64.ActiveCfg = ZR2021|x64
		{150B0CAF-7344-4819-AAD3-0FB6061C39AC}.ZR2021|x64.Build.0 = ZR2021|x64
		{150B0CAF-7344-4819-AAD3-0FB6061C39AC}.ZR2021|x86.ActiveCfg = ZR2021|x64
		{BF136F13-9842-45D2-91A8-BB0593D22EE1}.AR2013|Any CPU.ActiveCfg = AR2020|Any CPU
		{BF136F13-9842-45D2-91A8-BB0593D22EE1}.AR2013|Any CPU.Build.0 = AR2020|Any CPU
		{BF136F13-9842-45D2-91A8-BB0593D22EE1}.AR2013|x64.ActiveCfg = AR2020|x64
		{BF136F13-9842-45D2-91A8-BB0593D22EE1}.AR2013|x64.Build.0 = AR2020|x64
		{BF136F13-9842-45D2-91A8-BB0593D22EE1}.AR2013|x86.ActiveCfg = AR2020|Any CPU
		{BF136F13-9842-45D2-91A8-BB0593D22EE1}.AR2013|x86.Build.0 = AR2020|Any CPU
		{BF136F13-9842-45D2-91A8-BB0593D22EE1}.AR2019|Any CPU.ActiveCfg = AR2020|Any CPU
		{BF136F13-9842-45D2-91A8-BB0593D22EE1}.AR2019|Any CPU.Build.0 = AR2020|Any CPU
		{BF136F13-9842-45D2-91A8-BB0593D22EE1}.AR2019|x64.ActiveCfg = AR2020|x64
		{BF136F13-9842-45D2-91A8-BB0593D22EE1}.AR2019|x64.Build.0 = AR2020|x64
		{BF136F13-9842-45D2-91A8-BB0593D22EE1}.AR2019|x86.ActiveCfg = AR2020|Any CPU
		{BF136F13-9842-45D2-91A8-BB0593D22EE1}.AR2019|x86.Build.0 = AR2020|Any CPU
		{BF136F13-9842-45D2-91A8-BB0593D22EE1}.AR2020|Any CPU.ActiveCfg = AR2020|Any CPU
		{BF136F13-9842-45D2-91A8-BB0593D22EE1}.AR2020|Any CPU.Build.0 = AR2020|Any CPU
		{BF136F13-9842-45D2-91A8-BB0593D22EE1}.AR2020|x64.ActiveCfg = AR2020|x64
		{BF136F13-9842-45D2-91A8-BB0593D22EE1}.AR2020|x64.Build.0 = AR2020|x64
		{BF136F13-9842-45D2-91A8-BB0593D22EE1}.AR2020|x86.ActiveCfg = AR2020|Any CPU
		{BF136F13-9842-45D2-91A8-BB0593D22EE1}.AR2020|x86.Build.0 = AR2020|Any CPU
		{BF136F13-9842-45D2-91A8-BB0593D22EE1}.Debug|Any CPU.ActiveCfg = Debug|Any CPU
		{BF136F13-9842-45D2-91A8-BB0593D22EE1}.Debug|Any CPU.Build.0 = Debug|Any CPU
		{BF136F13-9842-45D2-91A8-BB0593D22EE1}.Debug|x64.ActiveCfg = Debug|x64
		{BF136F13-9842-45D2-91A8-BB0593D22EE1}.Debug|x64.Build.0 = Debug|x64
		{BF136F13-9842-45D2-91A8-BB0593D22EE1}.Debug|x86.ActiveCfg = Debug|Any CPU
		{BF136F13-9842-45D2-91A8-BB0593D22EE1}.Debug|x86.Build.0 = Debug|Any CPU
		{BF136F13-9842-45D2-91A8-BB0593D22EE1}.Release|Any CPU.ActiveCfg = Release|Any CPU
		{BF136F13-9842-45D2-91A8-BB0593D22EE1}.Release|Any CPU.Build.0 = Release|Any CPU
		{BF136F13-9842-45D2-91A8-BB0593D22EE1}.Release|x64.ActiveCfg = Release|x64
		{BF136F13-9842-45D2-91A8-BB0593D22EE1}.Release|x64.Build.0 = Release|x64
		{BF136F13-9842-45D2-91A8-BB0593D22EE1}.Release|x86.ActiveCfg = Release|Any CPU
		{BF136F13-9842-45D2-91A8-BB0593D22EE1}.Release|x86.Build.0 = Release|Any CPU
		{BF136F13-9842-45D2-91A8-BB0593D22EE1}.ZR2020|Any CPU.ActiveCfg = ZR2021|Any CPU
		{BF136F13-9842-45D2-91A8-BB0593D22EE1}.ZR2020|Any CPU.Build.0 = ZR2021|Any CPU
		{BF136F13-9842-45D2-91A8-BB0593D22EE1}.ZR2020|x64.ActiveCfg = ZR2021|x64
		{BF136F13-9842-45D2-91A8-BB0593D22EE1}.ZR2020|x64.Build.0 = ZR2021|x64
		{BF136F13-9842-45D2-91A8-BB0593D22EE1}.ZR2020|x86.ActiveCfg = ZR2021|Any CPU
		{BF136F13-9842-45D2-91A8-BB0593D22EE1}.ZR2020|x86.Build.0 = ZR2021|Any CPU
		{BF136F13-9842-45D2-91A8-BB0593D22EE1}.ZR2021|Any CPU.ActiveCfg = ZR2021|Any CPU
		{BF136F13-9842-45D2-91A8-BB0593D22EE1}.ZR2021|Any CPU.Build.0 = ZR2021|Any CPU
		{BF136F13-9842-45D2-91A8-BB0593D22EE1}.ZR2021|x64.ActiveCfg = ZR2021|x64
		{BF136F13-9842-45D2-91A8-BB0593D22EE1}.ZR2021|x64.Build.0 = ZR2021|x64
		{BF136F13-9842-45D2-91A8-BB0593D22EE1}.ZR2021|x86.ActiveCfg = ZR2021|Any CPU
		{BF136F13-9842-45D2-91A8-BB0593D22EE1}.ZR2021|x86.Build.0 = ZR2021|Any CPU
	EndGlobalSection
	GlobalSection(SolutionProperties) = preSolution
		HideSolutionNode = FALSE
	EndGlobalSection
	GlobalSection(ExtensibilityGlobals) = postSolution
		SolutionGuid = {189358C9-B6C4-49E6-9042-241A15D26E29}
	EndGlobalSection
EndGlobal
