<?xml version="1.0" encoding="utf-8"?>
<Project ToolsVersion="4.0" xmlns="http://schemas.microsoft.com/developer/msbuild/2003">
  <ItemGroup>
    <Filter Include="Source Files">
      <UniqueIdentifier>{afc5f953-b920-4a1e-9822-ec59e495c83d}</UniqueIdentifier>
      <Extensions>cpp def</Extensions>
    </Filter>
    <Filter Include="Header Files">
      <UniqueIdentifier>{f2e5c867-ab3b-4c46-8740-1e1705476ef9}</UniqueIdentifier>
    </Filter>
  </ItemGroup>
  <ItemGroup>
    <None Include="CurveTextDB.def">
      <Filter>Source Files</Filter>
    </None>
  </ItemGroup>
  <ItemGroup>
    <ClCompile Include="MAIN.CPP">
      <Filter>Source Files</Filter>
    </ClCompile>
    <ClCompile Include="STDAFX.CPP">
      <Filter>Source Files</Filter>
    </ClCompile>
    <ClCompile Include="Utils.cpp">
      <Filter>Source Files</Filter>
    </ClCompile>
    <ClCompile Include="curveText.cpp">
      <Filter>Source Files</Filter>
    </ClCompile>
    <ClCompile Include="curvetextIterator.cpp">
      <Filter>Source Files</Filter>
    </ClCompile>
  </ItemGroup>
  <ItemGroup>
    <ClInclude Include="CurveText.h">
      <Filter>Header Files</Filter>
    </ClInclude>
    <ClInclude Include="STDAFX.H">
      <Filter>Header Files</Filter>
    </ClInclude>
    <ClInclude Include="Utils.h">
      <Filter>Header Files</Filter>
    </ClInclude>
    <ClInclude Include="curvetextIterator.h">
      <Filter>Header Files</Filter>
    </ClInclude>
  </ItemGroup>
</Project>