<?xml version="1.0" encoding="utf-8"?>
<Project ToolsVersion="4.0" xmlns="http://schemas.microsoft.com/developer/msbuild/2003">
  <ItemGroup>
    <Filter Include="Source Files">
      <UniqueIdentifier>{396423d1-9740-4559-84bc-317c0f887d09}</UniqueIdentifier>
      <Extensions>*.cpp</Extensions>
    </Filter>
    <Filter Include="Header Files">
      <UniqueIdentifier>{950b0a5b-a337-459a-9289-6152f6b4c36a}</UniqueIdentifier>
      <Extensions>*.h</Extensions>
    </Filter>
    <Filter Include="Resource Files">
      <UniqueIdentifier>{e9cde4b0-8889-42f3-a35c-4a9e9cfa67e7}</UniqueIdentifier>
      <Extensions>*.rc</Extensions>
    </Filter>
  </ItemGroup>
  <ItemGroup>
    <ClCompile Include="ContextMenu.cpp">
      <Filter>Source Files</Filter>
    </ClCompile>
    <ClCompile Include="CurveTextDialog.cpp">
      <Filter>Source Files</Filter>
    </ClCompile>
    <ClCompile Include="CurveTextJig.cpp">
      <Filter>Source Files</Filter>
    </ClCompile>
    <ClCompile Include="CurvetextHelper.cpp">
      <Filter>Source Files</Filter>
    </ClCompile>
    <ClCompile Include="InputPointMonitor.cpp">
      <Filter>Source Files</Filter>
    </ClCompile>
    <ClCompile Include="MAIN.CPP">
      <Filter>Source Files</Filter>
    </ClCompile>
    <ClCompile Include="STDAFX.CPP">
      <Filter>Source Files</Filter>
    </ClCompile>
    <ClCompile Include="Utils.cpp">
      <Filter>Source Files</Filter>
    </ClCompile>
  </ItemGroup>
  <ItemGroup>
    <None Include="curveText.def">
      <Filter>Source Files</Filter>
    </None>
  </ItemGroup>
  <ItemGroup>
    <ClInclude Include="AdskDMgr.h">
      <Filter>Header Files</Filter>
    </ClInclude>
    <ClInclude Include="ContextMenu.h">
      <Filter>Header Files</Filter>
    </ClInclude>
    <ClInclude Include="CurveTextDialog.h">
      <Filter>Header Files</Filter>
    </ClInclude>
    <ClInclude Include="CurveTextHelper.h">
      <Filter>Header Files</Filter>
    </ClInclude>
    <ClInclude Include="CurveTextJig.h">
      <Filter>Header Files</Filter>
    </ClInclude>
    <ClInclude Include="InputPointMonitor.h">
      <Filter>Header Files</Filter>
    </ClInclude>
    <ClInclude Include="STDAFX.H">
      <Filter>Header Files</Filter>
    </ClInclude>
    <ClInclude Include="Utils.h">
      <Filter>Header Files</Filter>
    </ClInclude>
    <ClInclude Include="resource.h">
      <Filter>Header Files</Filter>
    </ClInclude>
  </ItemGroup>
  <ItemGroup>
    <ResourceCompile Include="curveText.rc">
      <Filter>Resource Files</Filter>
    </ResourceCompile>
  </ItemGroup>
</Project>