
Microsoft Visual Studio Solution File, Format Version 12.00
# Visual Studio 15
VisualStudioVersion = 15.0.28307.1231
MinimumVisualStudioVersion = 10.0.40219.1
Project("{FAE04EC0-301F-11D3-BF4B-00C04F79EFBC}") = "NetOverruleTest", "NetOverruleTest\NetOverruleTest.csproj", "{6564CC2E-EC4F-467A-B5EB-6D2BB445C7BD}"
EndProject
Global
	GlobalSection(SolutionConfigurationPlatforms) = preSolution
		AR2020|Any CPU = AR2020|Any CPU
		AR2020|x64 = AR2020|x64
		Debug|Any CPU = Debug|Any CPU
		Debug|x64 = Debug|x64
		Release|Any CPU = Release|Any CPU
		Release|x64 = Release|x64
		ZR2021|Any CPU = ZR2021|Any CPU
		ZR2021|x64 = ZR2021|x64
	EndGlobalSection
	GlobalSection(ProjectConfigurationPlatforms) = postSolution
		{6564CC2E-EC4F-467A-B5EB-6D2BB445C7BD}.AR2020|Any CPU.ActiveCfg = AR2020|Any CPU
		{6564CC2E-EC4F-467A-B5EB-6D2BB445C7BD}.AR2020|Any CPU.Build.0 = AR2020|Any CPU
		{6564CC2E-EC4F-467A-B5EB-6D2BB445C7BD}.AR2020|x64.ActiveCfg = AR2020|x64
		{6564CC2E-EC4F-467A-B5EB-6D2BB445C7BD}.AR2020|x64.Build.0 = AR2020|x64
		{6564CC2E-EC4F-467A-B5EB-6D2BB445C7BD}.Debug|Any CPU.ActiveCfg = Debug|Any CPU
		{6564CC2E-EC4F-467A-B5EB-6D2BB445C7BD}.Debug|Any CPU.Build.0 = Debug|Any CPU
		{6564CC2E-EC4F-467A-B5EB-6D2BB445C7BD}.Debug|x64.ActiveCfg = Debug|x64
		{6564CC2E-EC4F-467A-B5EB-6D2BB445C7BD}.Debug|x64.Build.0 = Debug|x64
		{6564CC2E-EC4F-467A-B5EB-6D2BB445C7BD}.Release|Any CPU.ActiveCfg = Release|Any CPU
		{6564CC2E-EC4F-467A-B5EB-6D2BB445C7BD}.Release|Any CPU.Build.0 = Release|Any CPU
		{6564CC2E-EC4F-467A-B5EB-6D2BB445C7BD}.Release|x64.ActiveCfg = Release|x64
		{6564CC2E-EC4F-467A-B5EB-6D2BB445C7BD}.Release|x64.Build.0 = Release|x64
		{6564CC2E-EC4F-467A-B5EB-6D2BB445C7BD}.ZR2021|Any CPU.ActiveCfg = ZR2021|Any CPU
		{6564CC2E-EC4F-467A-B5EB-6D2BB445C7BD}.ZR2021|Any CPU.Build.0 = ZR2021|Any CPU
		{6564CC2E-EC4F-467A-B5EB-6D2BB445C7BD}.ZR2021|x64.ActiveCfg = ZR2021|x64
		{6564CC2E-EC4F-467A-B5EB-6D2BB445C7BD}.ZR2021|x64.Build.0 = ZR2021|x64
	EndGlobalSection
	GlobalSection(SolutionProperties) = preSolution
		HideSolutionNode = FALSE
	EndGlobalSection
	GlobalSection(ExtensibilityGlobals) = postSolution
		SolutionGuid = {615E66F9-8F1B-43C4-9506-FA705C1F7B65}
	EndGlobalSection
EndGlobal
